
Microsoft Visual Studio Solution File, Format Version 12.00
# Visual Studio 2015
Project("{FAE04EC0-301F-11D3-BF4B-00C04F79EFBC}") = "pik-ac-hu-3d - Copy.CSharp.Plugins", "pik-ac-hu-3d - Copy.CSharp.Plugins.csproj", "{2A72DDDA-E988-CC47-A21C-9421E25A433E}"
EndProject
Project("{FAE04EC0-301F-11D3-BF4B-00C04F79EFBC}") = "pik-ac-hu-3d - Copy.CSharp", "pik-ac-hu-3d - Copy.CSharp.csproj", "{DF1155D2-0052-83F3-4AF7-790CF8A8AF5A}"
EndProject
Project("{FAE04EC0-301F-11D3-BF4B-00C04F79EFBC}") = "pik-ac-hu-3d - Copy.CSharp.Editor", "pik-ac-hu-3d - Copy.CSharp.Editor.csproj", "{79155D14-FCA6-965D-ECBA-A83799A8EABD}"
EndProject
Global
	GlobalSection(SolutionConfigurationPlatforms) = preSolution
		Debug|Any CPU = Debug|Any CPU
		Release|Any CPU = Release|Any CPU
	EndGlobalSection
	GlobalSection(ProjectConfigurationPlatforms) = postSolution
		{2A72DDDA-E988-CC47-A21C-9421E25A433E}.Debug|Any CPU.ActiveCfg = Debug|Any CPU
		{2A72DDDA-E988-CC47-A21C-9421E25A433E}.Debug|Any CPU.Build.0 = Debug|Any CPU
		{2A72DDDA-E988-CC47-A21C-9421E25A433E}.Release|Any CPU.ActiveCfg = Release|Any CPU
		{2A72DDDA-E988-CC47-A21C-9421E25A433E}.Release|Any CPU.Build.0 = Release|Any CPU
		{DF1155D2-0052-83F3-4AF7-790CF8A8AF5A}.Debug|Any CPU.ActiveCfg = Debug|Any CPU
		{DF1155D2-0052-83F3-4AF7-790CF8A8AF5A}.Debug|Any CPU.Build.0 = Debug|Any CPU
		{DF1155D2-0052-83F3-4AF7-790CF8A8AF5A}.Release|Any CPU.ActiveCfg = Release|Any CPU
		{DF1155D2-0052-83F3-4AF7-790CF8A8AF5A}.Release|Any CPU.Build.0 = Release|Any CPU
		{79155D14-FCA6-965D-ECBA-A83799A8EABD}.Debug|Any CPU.ActiveCfg = Debug|Any CPU
		{79155D14-FCA6-965D-ECBA-A83799A8EABD}.Debug|Any CPU.Build.0 = Debug|Any CPU
		{79155D14-FCA6-965D-ECBA-A83799A8EABD}.Release|Any CPU.ActiveCfg = Release|Any CPU
		{79155D14-FCA6-965D-ECBA-A83799A8EABD}.Release|Any CPU.Build.0 = Release|Any CPU
	EndGlobalSection
	GlobalSection(SolutionProperties) = preSolution
		HideSolutionNode = FALSE
	EndGlobalSection
EndGlobal
